// !$*UTF8*$!
{
	archiveVersion = 1;
	classes = {
	};
	objectVersion = 50;
	objects = {

/* Begin PBXBuildFile section */
		1769DB1B23A2AC8700096BA6 /* LandmarkAnnotation.swift in Sources */ = {isa = PBXBuildFile; fileRef = 1769DB1A23A2AC8700096BA6 /* LandmarkAnnotation.swift */; };
		1769DB1D23A2ACC000096BA6 /* MapViewCoordinator.swift in Sources */ = {isa = PBXBuildFile; fileRef = 1769DB1C23A2ACC000096BA6 /* MapViewCoordinator.swift */; };
		17E85EB0235887230081670E /* AppDelegate.swift in Sources */ = {isa = PBXBuildFile; fileRef = 17E85EAF235887230081670E /* AppDelegate.swift */; };
		17E85EB2235887230081670E /* SceneDelegate.swift in Sources */ = {isa = PBXBuildFile; fileRef = 17E85EB1235887230081670E /* SceneDelegate.swift */; };
		17E85EB6235887260081670E /* Assets.xcassets in Resources */ = {isa = PBXBuildFile; fileRef = 17E85EB5235887260081670E /* Assets.xcassets */; };
		17E85EB9235887260081670E /* Preview Assets.xcassets in Resources */ = {isa = PBXBuildFile; fileRef = 17E85EB8235887260081670E /* Preview Assets.xcassets */; };
		17E85EBC235887260081670E /* LaunchScreen.storyboard in Resources */ = {isa = PBXBuildFile; fileRef = 17E85EBA235887260081670E /* LaunchScreen.storyboard */; };
		17E85EC423588B710081670E /* MapView.swift in Sources */ = {isa = PBXBuildFile; fileRef = 17E85EC323588B710081670E /* MapView.swift */; };
/* End PBXBuildFile section */

/* Begin PBXFileReference section */
		1769DB1A23A2AC8700096BA6 /* LandmarkAnnotation.swift */ = {isa = PBXFileReference; lastKnownFileType = sourcecode.swift; path = LandmarkAnnotation.swift; sourceTree = "<group>"; };
		1769DB1C23A2ACC000096BA6 /* MapViewCoordinator.swift */ = {isa = PBXFileReference; lastKnownFileType = sourcecode.swift; path = MapViewCoordinator.swift; sourceTree = "<group>"; };
		17E85EAC235887230081670E /* SwiftUI-MapView.app */ = {isa = PBXFileReference; explicitFileType = wrapper.application; includeInIndex = 0; path = "SwiftUI-MapView.app"; sourceTree = BUILT_PRODUCTS_DIR; };
		17E85EAF235887230081670E /* AppDelegate.swift */ = {isa = PBXFileReference; lastKnownFileType = sourcecode.swift; path = AppDelegate.swift; sourceTree = "<group>"; };
		17E85EB1235887230081670E /* SceneDelegate.swift */ = {isa = PBXFileReference; lastKnownFileType = sourcecode.swift; path = SceneDelegate.swift; sourceTree = "<group>"; };
		17E85EB5235887260081670E /* Assets.xcassets */ = {isa = PBXFileReference; lastKnownFileType = folder.assetcatalog; path = Assets.xcassets; sourceTree = "<group>"; };
		17E85EB8235887260081670E /* Preview Assets.xcassets */ = {isa = PBXFileReference; lastKnownFileType = folder.assetcatalog; path = "Preview Assets.xcassets"; sourceTree = "<group>"; };
		17E85EBB235887260081670E /* Base */ = {isa = PBXFileReference; lastKnownFileType = file.storyboard; name = Base; path = Base.lproj/LaunchScreen.storyboard; sourceTree = "<group>"; };
		17E85EBD235887260081670E /* Info.plist */ = {isa = PBXFileReference; lastKnownFileType = text.plist.xml; path = Info.plist; sourceTree = "<group>"; };
		17E85EC323588B710081670E /* MapView.swift */ = {isa = PBXFileReference; lastKnownFileType = sourcecode.swift; path = MapView.swift; sourceTree = "<group>"; };
/* End PBXFileReference section */

/* Begin PBXFrameworksBuildPhase section */
		17E85EA9235887230081670E /* Frameworks */ = {
			isa = PBXFrameworksBuildPhase;
			buildActionMask = 2147483647;
			files = (
			);
			runOnlyForDeploymentPostprocessing = 0;
		};
/* End PBXFrameworksBuildPhase section */

/* Begin PBXGroup section */
		1769DB1E23A2BB1000096BA6 /* Model */ = {
			isa = PBXGroup;
			children = (
				1769DB1A23A2AC8700096BA6 /* LandmarkAnnotation.swift */,
			);
			path = Model;
			sourceTree = "<group>";
		};
		1769DB1F23A2BB2A00096BA6 /* Coordinator */ = {
			isa = PBXGroup;
			children = (
				1769DB1C23A2ACC000096BA6 /* MapViewCoordinator.swift */,
			);
			path = Coordinator;
			sourceTree = "<group>";
		};
		1769DB2023A2BB4E00096BA6 /* Map View */ = {
			isa = PBXGroup;
			children = (
				17E85EC323588B710081670E /* MapView.swift */,
			);
			path = "Map View";
			sourceTree = "<group>";
		};
		17E85EA3235887230081670E = {
			isa = PBXGroup;
			children = (
				17E85EAE235887230081670E /* SwiftUI-MapView */,
				17E85EAD235887230081670E /* Products */,
			);
			sourceTree = "<group>";
		};
		17E85EAD235887230081670E /* Products */ = {
			isa = PBXGroup;
			children = (
				17E85EAC235887230081670E /* SwiftUI-MapView.app */,
			);
			name = Products;
			sourceTree = "<group>";
		};
		17E85EAE235887230081670E /* SwiftUI-MapView */ = {
			isa = PBXGroup;
			children = (
				1769DB2023A2BB4E00096BA6 /* Map View */,
				1769DB1F23A2BB2A00096BA6 /* Coordinator */,
				1769DB1E23A2BB1000096BA6 /* Model */,
				17E85EAF235887230081670E /* AppDelegate.swift */,
				17E85EB1235887230081670E /* SceneDelegate.swift */,
				17E85EB5235887260081670E /* Assets.xcassets */,
				17E85EBA235887260081670E /* LaunchScreen.storyboard */,
				17E85EBD235887260081670E /* Info.plist */,
				17E85EB7235887260081670E /* Preview Content */,
			);
			path = "SwiftUI-MapView";
			sourceTree = "<group>";
		};
		17E85EB7235887260081670E /* Preview Content */ = {
			isa = PBXGroup;
			children = (
				17E85EB8235887260081670E /* Preview Assets.xcassets */,
			);
			path = "Preview Content";
			sourceTree = "<group>";
		};
/* End PBXGroup section */

/* Begin PBXNativeTarget section */
		17E85EAB235887230081670E /* SwiftUI-MapView */ = {
			isa = PBXNativeTarget;
			buildConfigurationList = 17E85EC0235887260081670E /* Build configuration list for PBXNativeTarget "SwiftUI-MapView" */;
			buildPhases = (
				17E85EA8235887230081670E /* Sources */,
				17E85EA9235887230081670E /* Frameworks */,
				17E85EAA235887230081670E /* Resources */,
			);
			buildRules = (
			);
			dependencies = (
			);
			name = "SwiftUI-MapView";
			productName = "SwiftUI-MapView";
			productReference = 17E85EAC235887230081670E /* SwiftUI-MapView.app */;
			productType = "com.apple.product-type.application";
		};
/* End PBXNativeTarget section */

/* Begin PBXProject section */
		17E85EA4235887230081670E /* Project object */ = {
			isa = PBXProject;
			attributes = {
				LastSwiftUpdateCheck = 1100;
				LastUpgradeCheck = 1100;
				ORGANIZATIONNAME = Anand;
				TargetAttributes = {
					17E85EAB235887230081670E = {
						CreatedOnToolsVersion = 11.0;
					};
				};
			};
			buildConfigurationList = 17E85EA7235887230081670E /* Build configuration list for PBXProject "SwiftUI-MapView" */;
			compatibilityVersion = "Xcode 9.3";
			developmentRegion = en;
			hasScannedForEncodings = 0;
			knownRegions = (
				en,
				Base,
			);
			mainGroup = 17E85EA3235887230081670E;
			productRefGroup = 17E85EAD235887230081670E /* Products */;
			projectDirPath = "";
			projectRoot = "";
			targets = (
				17E85EAB235887230081670E /* SwiftUI-MapView */,
			);
		};
/* End PBXProject section */

/* Begin PBXResourcesBuildPhase section */
		17E85EAA235887230081670E /* Resources */ = {
			isa = PBXResourcesBuildPhase;
			buildActionMask = 2147483647;
			files = (
				17E85EBC235887260081670E /* LaunchScreen.storyboard in Resources */,
				17E85EB9235887260081670E /* Preview Assets.xcassets in Resources */,
				17E85EB6235887260081670E /* Assets.xcassets in Resources */,
			);
			runOnlyForDeploymentPostprocessing = 0;
		};
/* End PBXResourcesBuildPhase section */

/* Begin PBXSourcesBuildPhase section */
		17E85EA8235887230081670E /* Sources */ = {
			isa = PBXSourcesBuildPhase;
			buildActionMask = 2147483647;
			files = (
				1769DB1D23A2ACC000096BA6 /* MapViewCoordinator.swift in Sources */,
				17E85EB0235887230081670E /* AppDelegate.swift in Sources */,
				1769DB1B23A2AC8700096BA6 /* LandmarkAnnotation.swift in Sources */,
				17E85EC423588B710081670E /* MapView.swift in Sources */,
				17E85EB2235887230081670E /* SceneDelegate.swift in Sources */,
			);
			runOnlyForDeploymentPostprocessing = 0;
		};
/* End PBXSourcesBuildPhase section */

/* Begin PBXVariantGroup section */
		17E85EBA235887260081670E /* LaunchScreen.storyboard */ = {
			isa = PBXVariantGroup;
			children = (
				17E85EBB235887260081670E /* Base */,
			);
			name = LaunchScreen.storyboard;
			sourceTree = "<group>";
		};
/* End PBXVariantGroup section */

/* Begin XCBuildConfiguration section */
		17E85EBE235887260081670E /* Debug */ = {
			isa = XCBuildConfiguration;
			buildSettings = {
				ALWAYS_SEARCH_USER_PATHS = NO;
				CLANG_ANALYZER_NONNULL = YES;
				CLANG_ANALYZER_NUMBER_OBJECT_CONVERSION = YES_AGGRESSIVE;
				CLANG_CXX_LANGUAGE_STANDARD = "gnu++14";
				CLANG_CXX_LIBRARY = "libc++";
				CLANG_ENABLE_MODULES = YES;
				CLANG_ENABLE_OBJC_ARC = YES;
				CLANG_ENABLE_OBJC_WEAK = YES;
				CLANG_WARN_BLOCK_CAPTURE_AUTORELEASING = YES;
				CLANG_WARN_BOOL_CONVERSION = YES;
				CLANG_WARN_COMMA = YES;
				CLANG_WARN_CONSTANT_CONVERSION = YES;
				CLANG_WARN_DEPRECATED_OBJC_IMPLEMENTATIONS = YES;
				CLANG_WARN_DIRECT_OBJC_ISA_USAGE = YES_ERROR;
				CLANG_WARN_DOCUMENTATION_COMMENTS = YES;
				CLANG_WARN_EMPTY_BODY = YES;
				CLANG_WARN_ENUM_CONVERSION = YES;
				CLANG_WARN_INFINITE_RECURSION = YES;
				CLANG_WARN_INT_CONVERSION = YES;
				CLANG_WARN_NON_LITERAL_NULL_CONVERSION = YES;
				CLANG_WARN_OBJC_IMPLICIT_RETAIN_SELF = YES;
				CLANG_WARN_OBJC_LITERAL_CONVERSION = YES;
				CLANG_WARN_OBJC_ROOT_CLASS = YES_ERROR;
				CLANG_WARN_RANGE_LOOP_ANALYSIS = YES;
				CLANG_WARN_STRICT_PROTOTYPES = YES;
				CLANG_WARN_SUSPICIOUS_MOVE = YES;
				CLANG_WARN_UNGUARDED_AVAILABILITY = YES_AGGRESSIVE;
				CLANG_WARN_UNREACHABLE_CODE = YES;
				CLANG_WARN__DUPLICATE_METHOD_MATCH = YES;
				COPY_PHASE_STRIP = NO;
				DEBUG_INFORMATION_FORMAT = dwarf;
				ENABLE_STRICT_OBJC_MSGSEND = YES;
				ENABLE_TESTABILITY = YES;
				GCC_C_LANGUAGE_STANDARD = gnu11;
				GCC_DYNAMIC_NO_PIC = NO;
				GCC_NO_COMMON_BLOCKS = YES;
				GCC_OPTIMIZATION_LEVEL = 0;
				GCC_PREPROCESSOR_DEFINITIONS = (
					"DEBUG=1",
					"$(inherited)",
				);
				GCC_WARN_64_TO_32_BIT_CONVERSION = YES;
				GCC_WARN_ABOUT_RETURN_TYPE = YES_ERROR;
				GCC_WARN_UNDECLARED_SELECTOR = YES;
				GCC_WARN_UNINITIALIZED_AUTOS = YES_AGGRESSIVE;
				GCC_WARN_UNUSED_FUNCTION = YES;
				GCC_WARN_UNUSED_VARIABLE = YES;
				IPHONEOS_DEPLOYMENT_TARGET = 13.0;
				MTL_ENABLE_DEBUG_INFO = INCLUDE_SOURCE;
				MTL_FAST_MATH = YES;
				ONLY_ACTIVE_ARCH = YES;
				SDKROOT = iphoneos;
				SWIFT_ACTIVE_COMPILATION_CONDITIONS = DEBUG;
				SWIFT_OPTIMIZATION_LEVEL = "-Onone";
			};
			name = Debug;
		};
		17E85EBF235887260081670E /* Release */ = {
			isa = XCBuildConfiguration;
			buildSettings = {
				ALWAYS_SEARCH_USER_PATHS = NO;
				CLANG_ANALYZER_NONNULL = YES;
				CLANG_ANALYZER_NUMBER_OBJECT_CONVERSION = YES_AGGRESSIVE;
				CLANG_CXX_LANGUAGE_STANDARD = "gnu++14";
				CLANG_CXX_LIBRARY = "libc++";
				CLANG_ENABLE_MODULES = YES;
				CLANG_ENABLE_OBJC_ARC = YES;
				CLANG_ENABLE_OBJC_WEAK = YES;
				CLANG_WARN_BLOCK_CAPTURE_AUTORELEASING = YES;
				CLANG_WARN_BOOL_CONVERSION = YES;
				CLANG_WARN_COMMA = YES;
				CLANG_WARN_CONSTANT_CONVERSION = YES;
				CLANG_WARN_DEPRECATED_OBJC_IMPLEMENTATIONS = YES;
				CLANG_WARN_DIRECT_OBJC_ISA_USAGE = YES_ERROR;
				CLANG_WARN_DOCUMENTATION_COMMENTS = YES;
				CLANG_WARN_EMPTY_BODY = YES;
				CLANG_WARN_ENUM_CONVERSION = YES;
				CLANG_WARN_INFINITE_RECURSION = YES;
				CLANG_WARN_INT_CONVERSION = YES;
				CLANG_WARN_NON_LITERAL_NULL_CONVERSION = YES;
				CLANG_WARN_OBJC_IMPLICIT_RETAIN_SELF = YES;
				CLANG_WARN_OBJC_LITERAL_CONVERSION = YES;
				CLANG_WARN_OBJC_ROOT_CLASS = YES_ERROR;
				CLANG_WARN_RANGE_LOOP_ANALYSIS = YES;
				CLANG_WARN_STRICT_PROTOTYPES = YES;
				CLANG_WARN_SUSPICIOUS_MOVE = YES;
				CLANG_WARN_UNGUARDED_AVAILABILITY = YES_AGGRESSIVE;
				CLANG_WARN_UNREACHABLE_CODE = YES;
				CLANG_WARN__DUPLICATE_METHOD_MATCH = YES;
				COPY_PHASE_STRIP = NO;
				DEBUG_INFORMATION_FORMAT = "dwarf-with-dsym";
				ENABLE_NS_ASSERTIONS = NO;
				ENABLE_STRICT_OBJC_MSGSEND = YES;
				GCC_C_LANGUAGE_STANDARD = gnu11;
				GCC_NO_COMMON_BLOCKS = YES;
				GCC_WARN_64_TO_32_BIT_CONVERSION = YES;
				GCC_WARN_ABOUT_RETURN_TYPE = YES_ERROR;
				GCC_WARN_UNDECLARED_SELECTOR = YES;
				GCC_WARN_UNINITIALIZED_AUTOS = YES_AGGRESSIVE;
				GCC_WARN_UNUSED_FUNCTION = YES;
				GCC_WARN_UNUSED_VARIABLE = YES;
				IPHONEOS_DEPLOYMENT_TARGET = 13.0;
				MTL_ENABLE_DEBUG_INFO = NO;
				MTL_FAST_MATH = YES;
				SDKROOT = iphoneos;
				SWIFT_COMPILATION_MODE = wholemodule;
				SWIFT_OPTIMIZATION_LEVEL = "-O";
				VALIDATE_PRODUCT = YES;
			};
			name = Release;
		};
		17E85EC1235887260081670E /* Debug */ = {
			isa = XCBuildConfiguration;
			buildSettings = {
				ASSETCATALOG_COMPILER_APPICON_NAME = AppIcon;
				CODE_SIGN_STYLE = Automatic;
				DEVELOPMENT_ASSET_PATHS = "\"SwiftUI-MapView/Preview Content\"";
				ENABLE_PREVIEWS = YES;
				INFOPLIST_FILE = "SwiftUI-MapView/Info.plist";
				LD_RUNPATH_SEARCH_PATHS = (
					"$(inherited)",
					"@executable_path/Frameworks",
				);
				PRODUCT_BUNDLE_IDENTIFIER = "com.anscoder.SwiftUI-MapView";
				PRODUCT_NAME = "$(TARGET_NAME)";
				SWIFT_VERSION = 5.0;
				TARGETED_DEVICE_FAMILY = "1,2";
			};
			name = Debug;
		};
		17E85EC2235887260081670E /* Release */ = {
			isa = XCBuildConfiguration;
			buildSettings = {
				ASSETCATALOG_COMPILER_APPICON_NAME = AppIcon;
				CODE_SIGN_STYLE = Automatic;
				DEVELOPMENT_ASSET_PATHS = "\"SwiftUI-MapView/Preview Content\"";
				ENABLE_PREVIEWS = YES;
				INFOPLIST_FILE = "SwiftUI-MapView/Info.plist";
				LD_RUNPATH_SEARCH_PATHS = (
					"$(inherited)",
					"@executable_path/Frameworks",
				);
				PRODUCT_BUNDLE_IDENTIFIER = "com.anscoder.SwiftUI-MapView";
				PRODUCT_NAME = "$(TARGET_NAME)";
				SWIFT_VERSION = 5.0;
				TARGETED_DEVICE_FAMILY = "1,2";
			};
			name = Release;
		};
/* End XCBuildConfiguration section */

/* Begin XCConfigurationList section */
		17E85EA7235887230081670E /* Build configuration list for PBXProject "SwiftUI-MapView" */ = {
			isa = XCConfigurationList;
			buildConfigurations = (
				17E85EBE235887260081670E /* Debug */,
				17E85EBF235887260081670E /* Release */,
			);
			defaultConfigurationIsVisible = 0;
			defaultConfigurationName = Release;
		};
		17E85EC0235887260081670E /* Build configuration list for PBXNativeTarget "SwiftUI-MapView" */ = {
			isa = XCConfigurationList;
			buildConfigurations = (
				17E85EC1235887260081670E /* Debug */,
				17E85EC2235887260081670E /* Release */,
			);
			defaultConfigurationIsVisible = 0;
			defaultConfigurationName = Release;
		};
/* End XCConfigurationList section */
	};
	rootObject = 17E85EA4235887230081670E /* Project object */;
}
